// !$*UTF8*$!
{
	archiveVersion = 1;
	classes = {
	};
	objectVersion = 46;
	objects = {

/* Begin PBXBuildFile section */
		3FD26CB61B9F0CDE00BFAED9 /* 15.c in Sources */ = {isa = PBXBuildFile; fileRef = 3FD26CB51B9F0CDE00BFAED9 /* 15.c */; };
/* End PBXBuildFile section */

/* Begin PBXCopyFilesBuildPhase section */
		3F4163D71B9E637A009E72F3 /* CopyFiles */ = {
			isa = PBXCopyFilesBuildPhase;
			buildActionMask = 2147483647;
			dstPath = /usr/share/man/man1/;
			dstSubfolderSpec = 0;
			files = (
			);
			runOnlyForDeploymentPostprocessing = 1;
		};
/* End PBXCopyFilesBuildPhase section */

/* Begin PBXFileReference section */
		3F4163D91B9E637A009E72F3 /* day06 */ = {isa = PBXFileReference; explicitFileType = "compiled.mach-o.executable"; includeInIndex = 0; path = day06; sourceTree = BUILT_PRODUCTS_DIR; };
		3F4163DC1B9E637A009E72F3 /* main.c */ = {isa = PBXFileReference; lastKnownFileType = sourcecode.c.c; path = main.c; sourceTree = "<group>"; };
		3F4163E31B9E638E009E72F3 /* 01.c */ = {isa = PBXFileReference; fileEncoding = 4; lastKnownFileType = sourcecode.c.c; path = 01.c; sourceTree = "<group>"; };
		3F4163E61B9E77BA009E72F3 /* 02.c */ = {isa = PBXFileReference; fileEncoding = 4; lastKnownFileType = sourcecode.c.c; path = 02.c; sourceTree = "<group>"; };
		3F4163E81B9E7A5C009E72F3 /* 03.c */ = {isa = PBXFileReference; fileEncoding = 4; lastKnownFileType = sourcecode.c.c; path = 03.c; sourceTree = "<group>"; };
		3F4163EC1B9E8443009E72F3 /* 04.c */ = {isa = PBXFileReference; fileEncoding = 4; lastKnownFileType = sourcecode.c.c; path = 04.c; sourceTree = "<group>"; };
		3F4163F01B9E927D009E72F3 /* 05.c */ = {isa = PBXFileReference; fileEncoding = 4; lastKnownFileType = sourcecode.c.c; path = 05.c; sourceTree = "<group>"; };
		3F4163F31B9EB88C009E72F3 /* 06.c */ = {isa = PBXFileReference; fileEncoding = 4; lastKnownFileType = sourcecode.c.c; path = 06.c; sourceTree = "<group>"; };
		3F4163F51B9EC9B9009E72F3 /* 07.c */ = {isa = PBXFileReference; fileEncoding = 4; lastKnownFileType = sourcecode.c.c; path = 07.c; sourceTree = "<group>"; };
		3F4163F71B9ECC5D009E72F3 /* 08.c */ = {isa = PBXFileReference; fileEncoding = 4; lastKnownFileType = sourcecode.c.c; path = 08.c; sourceTree = "<group>"; };
		3F4163F91B9ED3B1009E72F3 /* 09.c */ = {isa = PBXFileReference; fileEncoding = 4; lastKnownFileType = sourcecode.c.c; path = 09.c; sourceTree = "<group>"; };
		3F4163FB1B9ED59C009E72F3 /* 10.c */ = {isa = PBXFileReference; fileEncoding = 4; lastKnownFileType = sourcecode.c.c; path = 10.c; sourceTree = "<group>"; };
		3F4163FD1B9EDF2E009E72F3 /* 11.c */ = {isa = PBXFileReference; fileEncoding = 4; lastKnownFileType = sourcecode.c.c; path = 11.c; sourceTree = "<group>"; };
		3F4164001B9EEF67009E72F3 /* 12.c */ = {isa = PBXFileReference; fileEncoding = 4; lastKnownFileType = sourcecode.c.c; path = 12.c; sourceTree = "<group>"; };
		3F4164051B9EF422009E72F3 /* 13.c */ = {isa = PBXFileReference; fileEncoding = 4; lastKnownFileType = sourcecode.c.c; path = 13.c; sourceTree = "<group>"; };
		3FD26CB31B9F0BB100BFAED9 /* 14.c */ = {isa = PBXFileReference; fileEncoding = 4; lastKnownFileType = sourcecode.c.c; path = 14.c; sourceTree = "<group>"; };
		3FD26CB51B9F0CDE00BFAED9 /* 15.c */ = {isa = PBXFileReference; fileEncoding = 4; lastKnownFileType = sourcecode.c.c; path = 15.c; sourceTree = "<group>"; };
/* End PBXFileReference section */

/* Begin PBXFrameworksBuildPhase section */
		3F4163D61B9E637A009E72F3 /* Frameworks */ = {
			isa = PBXFrameworksBuildPhase;
			buildActionMask = 2147483647;
			files = (
			);
			runOnlyForDeploymentPostprocessing = 0;
		};
/* End PBXFrameworksBuildPhase section */

/* Begin PBXGroup section */
		3F4163D01B9E637A009E72F3 = {
			isa = PBXGroup;
			children = (
				3F4163DB1B9E637A009E72F3 /* day06 */,
				3F4163DA1B9E637A009E72F3 /* Products */,
			);
			sourceTree = "<group>";
		};
		3F4163DA1B9E637A009E72F3 /* Products */ = {
			isa = PBXGroup;
			children = (
				3F4163D91B9E637A009E72F3 /* day06 */,
			);
			name = Products;
			sourceTree = "<group>";
		};
		3F4163DB1B9E637A009E72F3 /* day06 */ = {
			isa = PBXGroup;
			children = (
				3F4163DC1B9E637A009E72F3 /* main.c */,
				3F4163E31B9E638E009E72F3 /* 01.c */,
				3F4163E61B9E77BA009E72F3 /* 02.c */,
				3F4163E81B9E7A5C009E72F3 /* 03.c */,
				3F4163EC1B9E8443009E72F3 /* 04.c */,
				3F4163F01B9E927D009E72F3 /* 05.c */,
				3F4163F31B9EB88C009E72F3 /* 06.c */,
				3F4163F51B9EC9B9009E72F3 /* 07.c */,
				3F4163F71B9ECC5D009E72F3 /* 08.c */,
				3F4163F91B9ED3B1009E72F3 /* 09.c */,
				3F4163FB1B9ED59C009E72F3 /* 10.c */,
				3F4163FD1B9EDF2E009E72F3 /* 11.c */,
				3F4164001B9EEF67009E72F3 /* 12.c */,
				3F4164051B9EF422009E72F3 /* 13.c */,
				3FD26CB31B9F0BB100BFAED9 /* 14.c */,
				3FD26CB51B9F0CDE00BFAED9 /* 15.c */,
			);
			path = day06;
			sourceTree = "<group>";
		};
/* End PBXGroup section */

/* Begin PBXNativeTarget section */
		3F4163D81B9E637A009E72F3 /* day06 */ = {
			isa = PBXNativeTarget;
			buildConfigurationList = 3F4163E01B9E637A009E72F3 /* Build configuration list for PBXNativeTarget "day06" */;
			buildPhases = (
				3F4163D51B9E637A009E72F3 /* Sources */,
				3F4163D61B9E637A009E72F3 /* Frameworks */,
				3F4163D71B9E637A009E72F3 /* CopyFiles */,
			);
			buildRules = (
			);
			dependencies = (
			);
			name = day06;
			productName = day06;
			productReference = 3F4163D91B9E637A009E72F3 /* day06 */;
			productType = "com.apple.product-type.tool";
		};
/* End PBXNativeTarget section */

/* Begin PBXProject section */
		3F4163D11B9E637A009E72F3 /* Project object */ = {
			isa = PBXProject;
			attributes = {
				LastUpgradeCheck = 0610;
				ORGANIZATIONNAME = tarena;
				TargetAttributes = {
					3F4163D81B9E637A009E72F3 = {
						CreatedOnToolsVersion = 6.1.1;
					};
				};
			};
			buildConfigurationList = 3F4163D41B9E637A009E72F3 /* Build configuration list for PBXProject "day06" */;
			compatibilityVersion = "Xcode 3.2";
			developmentRegion = English;
			hasScannedForEncodings = 0;
			knownRegions = (
				en,
			);
			mainGroup = 3F4163D01B9E637A009E72F3;
			productRefGroup = 3F4163DA1B9E637A009E72F3 /* Products */;
			projectDirPath = "";
			projectRoot = "";
			targets = (
				3F4163D81B9E637A009E72F3 /* day06 */,
			);
		};
/* End PBXProject section */

/* Begin PBXSourcesBuildPhase section */
		3F4163D51B9E637A009E72F3 /* Sources */ = {
			isa = PBXSourcesBuildPhase;
			buildActionMask = 2147483647;
			files = (
				3FD26CB61B9F0CDE00BFAED9 /* 15.c in Sources */,
			);
			runOnlyForDeploymentPostprocessing = 0;
		};
/* End PBXSourcesBuildPhase section */

/* Begin XCBuildConfiguration section */
		3F4163DE1B9E637A009E72F3 /* Debug */ = {
			isa = XCBuildConfiguration;
			buildSettings = {
				ALWAYS_SEARCH_USER_PATHS = NO;
				CLANG_CXX_LANGUAGE_STANDARD = "gnu++0x";
				CLANG_CXX_LIBRARY = "libc++";
				CLANG_ENABLE_MODULES = YES;
				CLANG_ENABLE_OBJC_ARC = YES;
				CLANG_WARN_BOOL_CONVERSION = YES;
				CLANG_WARN_CONSTANT_CONVERSION = YES;
				CLANG_WARN_DIRECT_OBJC_ISA_USAGE = YES_ERROR;
				CLANG_WARN_EMPTY_BODY = YES;
				CLANG_WARN_ENUM_CONVERSION = YES;
				CLANG_WARN_INT_CONVERSION = YES;
				CLANG_WARN_OBJC_ROOT_CLASS = YES_ERROR;
				CLANG_WARN_UNREACHABLE_CODE = YES;
				CLANG_WARN__DUPLICATE_METHOD_MATCH = YES;
				COPY_PHASE_STRIP = NO;
				ENABLE_STRICT_OBJC_MSGSEND = YES;
				GCC_C_LANGUAGE_STANDARD = gnu99;
				GCC_DYNAMIC_NO_PIC = NO;
				GCC_OPTIMIZATION_LEVEL = 0;
				GCC_PREPROCESSOR_DEFINITIONS = (
					"DEBUG=1",
					"$(inherited)",
				);
				GCC_SYMBOLS_PRIVATE_EXTERN = NO;
				GCC_WARN_64_TO_32_BIT_CONVERSION = YES;
				GCC_WARN_ABOUT_RETURN_TYPE = YES_ERROR;
				GCC_WARN_UNDECLARED_SELECTOR = YES;
				GCC_WARN_UNINITIALIZED_AUTOS = YES_AGGRESSIVE;
				GCC_WARN_UNUSED_FUNCTION = YES;
				GCC_WARN_UNUSED_VARIABLE = YES;
				MACOSX_DEPLOYMENT_TARGET = 10.9;
				MTL_ENABLE_DEBUG_INFO = YES;
				ONLY_ACTIVE_ARCH = YES;
				SDKROOT = macosx;
			};
			name = Debug;
		};
		3F4163DF1B9E637A009E72F3 /* Release */ = {
			isa = XCBuildConfiguration;
			buildSettings = {
				ALWAYS_SEARCH_USER_PATHS = NO;
				CLANG_CXX_LANGUAGE_STANDARD = "gnu++0x";
				CLANG_CXX_LIBRARY = "libc++";
				CLANG_ENABLE_MODULES = YES;
				CLANG_ENABLE_OBJC_ARC = YES;
				CLANG_WARN_BOOL_CONVERSION = YES;
				CLANG_WARN_CONSTANT_CONVERSION = YES;
				CLANG_WARN_DIRECT_OBJC_ISA_USAGE = YES_ERROR;
				CLANG_WARN_EMPTY_BODY = YES;
				CLANG_WARN_ENUM_CONVERSION = YES;
				CLANG_WARN_INT_CONVERSION = YES;
				CLANG_WARN_OBJC_ROOT_CLASS = YES_ERROR;
				CLANG_WARN_UNREACHABLE_CODE = YES;
				CLANG_WARN__DUPLICATE_METHOD_MATCH = YES;
				COPY_PHASE_STRIP = YES;
				DEBUG_INFORMATION_FORMAT = "dwarf-with-dsym";
				ENABLE_NS_ASSERTIONS = NO;
				ENABLE_STRICT_OBJC_MSGSEND = YES;
				GCC_C_LANGUAGE_STANDARD = gnu99;
				GCC_WARN_64_TO_32_BIT_CONVERSION = YES;
				GCC_WARN_ABOUT_RETURN_TYPE = YES_ERROR;
				GCC_WARN_UNDECLARED_SELECTOR = YES;
				GCC_WARN_UNINITIALIZED_AUTOS = YES_AGGRESSIVE;
				GCC_WARN_UNUSED_FUNCTION = YES;
				GCC_WARN_UNUSED_VARIABLE = YES;
				MACOSX_DEPLOYMENT_TARGET = 10.9;
				MTL_ENABLE_DEBUG_INFO = NO;
				SDKROOT = macosx;
			};
			name = Release;
		};
		3F4163E11B9E637A009E72F3 /* Debug */ = {
			isa = XCBuildConfiguration;
			buildSettings = {
				PRODUCT_NAME = "$(TARGET_NAME)";
			};
			name = Debug;
		};
		3F4163E21B9E637A009E72F3 /* Release */ = {
			isa = XCBuildConfiguration;
			buildSettings = {
				PRODUCT_NAME = "$(TARGET_NAME)";
			};
			name = Release;
		};
/* End XCBuildConfiguration section */

/* Begin XCConfigurationList section */
		3F4163D41B9E637A009E72F3 /* Build configuration list for PBXProject "day06" */ = {
			isa = XCConfigurationList;
			buildConfigurations = (
				3F4163DE1B9E637A009E72F3 /* Debug */,
				3F4163DF1B9E637A009E72F3 /* Release */,
			);
			defaultConfigurationIsVisible = 0;
			defaultConfigurationName = Release;
		};
		3F4163E01B9E637A009E72F3 /* Build configuration list for PBXNativeTarget "day06" */ = {
			isa = XCConfigurationList;
			buildConfigurations = (
				3F4163E11B9E637A009E72F3 /* Debug */,
				3F4163E21B9E637A009E72F3 /* Release */,
			);
			defaultConfigurationIsVisible = 0;
			defaultConfigurationName = Release;
		};
/* End XCConfigurationList section */
	};
	rootObject = 3F4163D11B9E637A009E72F3 /* Project object */;
}
